
Microsoft Visual Studio Solution File, Format Version 12.00
# Visual Studio Version 17
VisualStudioVersion = 17.0.31912.275
MinimumVisualStudioVersion = 10.0.40219.1
Project("{FAE04EC0-301F-11D3-BF4B-00C04F79EFBC}") = "notepad", "notepad\notepad.csproj", "{FC73A962-AAB5-4E9B-B0D4-59FA4B8491CD}"
EndProject
Global
	GlobalSection(SolutionConfigurationPlatforms) = preSolution
		Debug|Any CPU = Debug|Any CPU
		Release|Any CPU = Release|Any CPU
	EndGlobalSection
	GlobalSection(ProjectConfigurationPlatforms) = postSolution
		{FC73A962-AAB5-4E9B-B0D4-59FA4B8491CD}.Debug|Any CPU.ActiveCfg = Debug|Any CPU
		{FC73A962-AAB5-4E9B-B0D4-59FA4B8491CD}.Debug|Any CPU.Build.0 = Debug|Any CPU
		{FC73A962-AAB5-4E9B-B0D4-59FA4B8491CD}.Release|Any CPU.ActiveCfg = Release|Any CPU
		{FC73A962-AAB5-4E9B-B0D4-59FA4B8491CD}.Release|Any CPU.Build.0 = Release|Any CPU
	EndGlobalSection
	GlobalSection(SolutionProperties) = preSolution
		HideSolutionNode = FALSE
	EndGlobalSection
	GlobalSection(ExtensibilityGlobals) = postSolution
		SolutionGuid = {F6C0E837-BAD6-4CB4-90A9-9A16B160A647}
	EndGlobalSection
EndGlobal
